// !$*UTF8*$!
{
	archiveVersion = 1;
	classes = {
	};
	objectVersion = 77;
	objects = {

/* Begin PBXBuildFile section */
		1582054B2D31FD7300530A3B /* readME.md in Resources */ = {isa = PBXBuildFile; fileRef = 1582054A2D31FD6C00530A3B /* readME.md */; };
/* End PBXBuildFile section */

/* Begin PBXContainerItemProxy section */
		1582052D2D31EB3800530A3B /* PBXContainerItemProxy */ = {
			isa = PBXContainerItemProxy;
			containerPortal = 1582050E2D31EB3500530A3B /* Project object */;
			proxyType = 1;
			remoteGlobalIDString = 158205152D31EB3500530A3B;
			remoteInfo = "i-am-rich";
		};
		158205372D31EB3800530A3B /* PBXContainerItemProxy */ = {
			isa = PBXContainerItemProxy;
			containerPortal = 1582050E2D31EB3500530A3B /* Project object */;
			proxyType = 1;
			remoteGlobalIDString = 158205152D31EB3500530A3B;
			remoteInfo = "i-am-rich";
		};
/* End PBXContainerItemProxy section */

/* Begin PBXFileReference section */
		158205162D31EB3500530A3B /* i-am-rich.app */ = {isa = PBXFileReference; explicitFileType = wrapper.application; includeInIndex = 0; path = "i-am-rich.app"; sourceTree = BUILT_PRODUCTS_DIR; };
		1582052C2D31EB3800530A3B /* i-am-richTests.xctest */ = {isa = PBXFileReference; explicitFileType = wrapper.cfbundle; includeInIndex = 0; path = "i-am-richTests.xctest"; sourceTree = BUILT_PRODUCTS_DIR; };
		158205362D31EB3800530A3B /* i-am-richUITests.xctest */ = {isa = PBXFileReference; explicitFileType = wrapper.cfbundle; includeInIndex = 0; path = "i-am-richUITests.xctest"; sourceTree = BUILT_PRODUCTS_DIR; };
		1582054A2D31FD6C00530A3B /* readME.md */ = {isa = PBXFileReference; lastKnownFileType = net.daringfireball.markdown; path = readME.md; sourceTree = "<group>"; };
/* End PBXFileReference section */

/* Begin PBXFileSystemSynchronizedBuildFileExceptionSet section */
		1582053E2D31EB3800530A3B /* Exceptions for "i-am-rich" folder in "i-am-rich" target */ = {
			isa = PBXFileSystemSynchronizedBuildFileExceptionSet;
			membershipExceptions = (
				Info.plist,
			);
			target = 158205152D31EB3500530A3B /* i-am-rich */;
		};
/* End PBXFileSystemSynchronizedBuildFileExceptionSet section */

/* Begin PBXFileSystemSynchronizedRootGroup section */
		158205182D31EB3500530A3B /* i-am-rich */ = {
			isa = PBXFileSystemSynchronizedRootGroup;
			exceptions = (
				1582053E2D31EB3800530A3B /* Exceptions for "i-am-rich" folder in "i-am-rich" target */,
			);
			path = "i-am-rich";
			sourceTree = "<group>";
		};
		1582052F2D31EB3800530A3B /* i-am-richTests */ = {
			isa = PBXFileSystemSynchronizedRootGroup;
			path = "i-am-richTests";
			sourceTree = "<group>";
		};
		158205392D31EB3800530A3B /* i-am-richUITests */ = {
			isa = PBXFileSystemSynchronizedRootGroup;
			path = "i-am-richUITests";
			sourceTree = "<group>";
		};
/* End PBXFileSystemSynchronizedRootGroup section */

/* Begin PBXFrameworksBuildPhase section */
		158205132D31EB3500530A3B /* Frameworks */ = {
			isa = PBXFrameworksBuildPhase;
			buildActionMask = 2147483647;
			files = (
			);
			runOnlyForDeploymentPostprocessing = 0;
		};
		158205292D31EB3800530A3B /* Frameworks */ = {
			isa = PBXFrameworksBuildPhase;
			buildActionMask = 2147483647;
			files = (
			);
			runOnlyForDeploymentPostprocessing = 0;
		};
		158205332D31EB3800530A3B /* Frameworks */ = {
			isa = PBXFrameworksBuildPhase;
			buildActionMask = 2147483647;
			files = (
			);
			runOnlyForDeploymentPostprocessing = 0;
		};
/* End PBXFrameworksBuildPhase section */

/* Begin PBXGroup section */
		1582050D2D31EB3500530A3B = {
			isa = PBXGroup;
			children = (
				1582054A2D31FD6C00530A3B /* readME.md */,
				158205182D31EB3500530A3B /* i-am-rich */,
				1582052F2D31EB3800530A3B /* i-am-richTests */,
				158205392D31EB3800530A3B /* i-am-richUITests */,
				158205172D31EB3500530A3B /* Products */,
			);
			sourceTree = "<group>";
		};
		158205172D31EB3500530A3B /* Products */ = {
			isa = PBXGroup;
			children = (
				158205162D31EB3500530A3B /* i-am-rich.app */,
				1582052C2D31EB3800530A3B /* i-am-richTests.xctest */,
				158205362D31EB3800530A3B /* i-am-richUITests.xctest */,
			);
			name = Products;
			sourceTree = "<group>";
		};
/* End PBXGroup section */

/* Begin PBXNativeTarget section */
		158205152D31EB3500530A3B /* i-am-rich */ = {
			isa = PBXNativeTarget;
			buildConfigurationList = 1582053F2D31EB3800530A3B /* Build configuration list for PBXNativeTarget "i-am-rich" */;
			buildPhases = (
				158205122D31EB3500530A3B /* Sources */,
				158205132D31EB3500530A3B /* Frameworks */,
				158205142D31EB3500530A3B /* Resources */,
			);
			buildRules = (
			);
			dependencies = (
			);
			fileSystemSynchronizedGroups = (
				158205182D31EB3500530A3B /* i-am-rich */,
			);
			name = "i-am-rich";
			packageProductDependencies = (
			);
			productName = "i-am-rich";
			productReference = 158205162D31EB3500530A3B /* i-am-rich.app */;
			productType = "com.apple.product-type.application";
		};
		1582052B2D31EB3800530A3B /* i-am-richTests */ = {
			isa = PBXNativeTarget;
			buildConfigurationList = 158205442D31EB3800530A3B /* Build configuration list for PBXNativeTarget "i-am-richTests" */;
			buildPhases = (
				158205282D31EB3800530A3B /* Sources */,
				158205292D31EB3800530A3B /* Frameworks */,
				1582052A2D31EB3800530A3B /* Resources */,
			);
			buildRules = (
			);
			dependencies = (
				1582052E2D31EB3800530A3B /* PBXTargetDependency */,
			);
			fileSystemSynchronizedGroups = (
				1582052F2D31EB3800530A3B /* i-am-richTests */,
			);
			name = "i-am-richTests";
			packageProductDependencies = (
			);
			productName = "i-am-richTests";
			productReference = 1582052C2D31EB3800530A3B /* i-am-richTests.xctest */;
			productType = "com.apple.product-type.bundle.unit-test";
		};
		158205352D31EB3800530A3B /* i-am-richUITests */ = {
			isa = PBXNativeTarget;
			buildConfigurationList = 158205472D31EB3800530A3B /* Build configuration list for PBXNativeTarget "i-am-richUITests" */;
			buildPhases = (
				158205322D31EB3800530A3B /* Sources */,
				158205332D31EB3800530A3B /* Frameworks */,
				158205342D31EB3800530A3B /* Resources */,
			);
			buildRules = (
			);
			dependencies = (
				158205382D31EB3800530A3B /* PBXTargetDependency */,
			);
			fileSystemSynchronizedGroups = (
				158205392D31EB3800530A3B /* i-am-richUITests */,
			);
			name = "i-am-richUITests";
			packageProductDependencies = (
			);
			productName = "i-am-richUITests";
			productReference = 158205362D31EB3800530A3B /* i-am-richUITests.xctest */;
			productType = "com.apple.product-type.bundle.ui-testing";
		};
/* End PBXNativeTarget section */

/* Begin PBXProject section */
		1582050E2D31EB3500530A3B /* Project object */ = {
			isa = PBXProject;
			attributes = {
				BuildIndependentTargetsInParallel = 1;
				LastSwiftUpdateCheck = 1620;
				LastUpgradeCheck = 1620;
				TargetAttributes = {
					158205152D31EB3500530A3B = {
						CreatedOnToolsVersion = 16.2;
					};
					1582052B2D31EB3800530A3B = {
						CreatedOnToolsVersion = 16.2;
						TestTargetID = 158205152D31EB3500530A3B;
					};
					158205352D31EB3800530A3B = {
						CreatedOnToolsVersion = 16.2;
						TestTargetID = 158205152D31EB3500530A3B;
					};
				};
			};
			buildConfigurationList = 158205112D31EB3500530A3B /* Build configuration list for PBXProject "i-am-rich" */;
			developmentRegion = en;
			hasScannedForEncodings = 0;
			knownRegions = (
				en,
				Base,
			);
			mainGroup = 1582050D2D31EB3500530A3B;
			minimizedProjectReferenceProxies = 1;
			preferredProjectObjectVersion = 77;
			productRefGroup = 158205172D31EB3500530A3B /* Products */;
			projectDirPath = "";
			projectRoot = "";
			targets = (
				158205152D31EB3500530A3B /* i-am-rich */,
				1582052B2D31EB3800530A3B /* i-am-richTests */,
				158205352D31EB3800530A3B /* i-am-richUITests */,
			);
		};
/* End PBXProject section */

/* Begin PBXResourcesBuildPhase section */
		158205142D31EB3500530A3B /* Resources */ = {
			isa = PBXResourcesBuildPhase;
			buildActionMask = 2147483647;
			files = (
				1582054B2D31FD7300530A3B /* readME.md in Resources */,
			);
			runOnlyForDeploymentPostprocessing = 0;
		};
		1582052A2D31EB3800530A3B /* Resources */ = {
			isa = PBXResourcesBuildPhase;
			buildActionMask = 2147483647;
			files = (
			);
			runOnlyForDeploymentPostprocessing = 0;
		};
		158205342D31EB3800530A3B /* Resources */ = {
			isa = PBXResourcesBuildPhase;
			buildActionMask = 2147483647;
			files = (
			);
			runOnlyForDeploymentPostprocessing = 0;
		};
/* End PBXResourcesBuildPhase section */

/* Begin PBXSourcesBuildPhase section */
		158205122D31EB3500530A3B /* Sources */ = {
			isa = PBXSourcesBuildPhase;
			buildActionMask = 2147483647;
			files = (
			);
			runOnlyForDeploymentPostprocessing = 0;
		};
		158205282D31EB3800530A3B /* Sources */ = {
			isa = PBXSourcesBuildPhase;
			buildActionMask = 2147483647;
			files = (
			);
			runOnlyForDeploymentPostprocessing = 0;
		};
		158205322D31EB3800530A3B /* Sources */ = {
			isa = PBXSourcesBuildPhase;
			buildActionMask = 2147483647;
			files = (
			);
			runOnlyForDeploymentPostprocessing = 0;
		};
/* End PBXSourcesBuildPhase section */

/* Begin PBXTargetDependency section */
		1582052E2D31EB3800530A3B /* PBXTargetDependency */ = {
			isa = PBXTargetDependency;
			target = 158205152D31EB3500530A3B /* i-am-rich */;
			targetProxy = 1582052D2D31EB3800530A3B /* PBXContainerItemProxy */;
		};
		158205382D31EB3800530A3B /* PBXTargetDependency */ = {
			isa = PBXTargetDependency;
			target = 158205152D31EB3500530A3B /* i-am-rich */;
			targetProxy = 158205372D31EB3800530A3B /* PBXContainerItemProxy */;
		};
/* End PBXTargetDependency section */

/* Begin XCBuildConfiguration section */
		158205402D31EB3800530A3B /* Debug */ = {
			isa = XCBuildConfiguration;
			buildSettings = {
				ASSETCATALOG_COMPILER_APPICON_NAME = AppIcon;
				ASSETCATALOG_COMPILER_GLOBAL_ACCENT_COLOR_NAME = AccentColor;
				CODE_SIGN_STYLE = Automatic;
				CURRENT_PROJECT_VERSION = 1;
				DEVELOPMENT_TEAM = 97JL7V73AW;
				GENERATE_INFOPLIST_FILE = YES;
				INFOPLIST_FILE = "i-am-rich/Info.plist";
				INFOPLIST_KEY_UIApplicationSupportsIndirectInputEvents = YES;
				INFOPLIST_KEY_UILaunchStoryboardName = LaunchScreen;
				INFOPLIST_KEY_UIMainStoryboardFile = Main;
				INFOPLIST_KEY_UISupportedInterfaceOrientations_iPad = "UIInterfaceOrientationPortrait UIInterfaceOrientationPortraitUpsideDown UIInterfaceOrientationLandscapeLeft UIInterfaceOrientationLandscapeRight";
				INFOPLIST_KEY_UISupportedInterfaceOrientations_iPhone = "UIInterfaceOrientationPortrait UIInterfaceOrientationLandscapeLeft UIInterfaceOrientationLandscapeRight";
				LD_RUNPATH_SEARCH_PATHS = (
					"$(inherited)",
					"@executable_path/Frameworks",
				);
				MARKETING_VERSION = 1.0;
				PRODUCT_BUNDLE_IDENTIFIER = "com.turbobunny.i-am-rich";
				PRODUCT_NAME = "$(TARGET_NAME)";
				SWIFT_EMIT_LOC_STRINGS = YES;
				SWIFT_VERSION = 5.0;
				TARGETED_DEVICE_FAMILY = "1,2";
			};
			name = Debug;
		};
		158205412D31EB3800530A3B /* Release */ = {
			isa = XCBuildConfiguration;
			buildSettings = {
				ASSETCATALOG_COMPILER_APPICON_NAME = AppIcon;
				ASSETCATALOG_COMPILER_GLOBAL_ACCENT_COLOR_NAME = AccentColor;
				CODE_SIGN_STYLE = Automatic;
				CURRENT_PROJECT_VERSION = 1;
				DEVELOPMENT_TEAM = 97JL7V73AW;
				GENERATE_INFOPLIST_FILE = YES;
				INFOPLIST_FILE = "i-am-rich/Info.plist";
				INFOPLIST_KEY_UIApplicationSupportsIndirectInputEvents = YES;
				INFOPLIST_KEY_UILaunchStoryboardName = LaunchScreen;
				INFOPLIST_KEY_UIMainStoryboardFile = Main;
				INFOPLIST_KEY_UISupportedInterfaceOrientations_iPad = "UIInterfaceOrientationPortrait UIInterfaceOrientationPortraitUpsideDown UIInterfaceOrientationLandscapeLeft UIInterfaceOrientationLandscapeRight";
				INFOPLIST_KEY_UISupportedInterfaceOrientations_iPhone = "UIInterfaceOrientationPortrait UIInterfaceOrientationLandscapeLeft UIInterfaceOrientationLandscapeRight";
				LD_RUNPATH_SEARCH_PATHS = (
					"$(inherited)",
					"@executable_path/Frameworks",
				);
				MARKETING_VERSION = 1.0;
				PRODUCT_BUNDLE_IDENTIFIER = "com.turbobunny.i-am-rich";
				PRODUCT_NAME = "$(TARGET_NAME)";
				SWIFT_EMIT_LOC_STRINGS = YES;
				SWIFT_VERSION = 5.0;
				TARGETED_DEVICE_FAMILY = "1,2";
			};
			name = Release;
		};
		158205422D31EB3800530A3B /* Debug */ = {
			isa = XCBuildConfiguration;
			buildSettings = {
				ALWAYS_SEARCH_USER_PATHS = NO;
				ASSETCATALOG_COMPILER_GENERATE_SWIFT_ASSET_SYMBOL_EXTENSIONS = YES;
				CLANG_ANALYZER_NONNULL = YES;
				CLANG_ANALYZER_NUMBER_OBJECT_CONVERSION = YES_AGGRESSIVE;
				CLANG_CXX_LANGUAGE_STANDARD = "gnu++20";
				CLANG_ENABLE_MODULES = YES;
				CLANG_ENABLE_OBJC_ARC = YES;
				CLANG_ENABLE_OBJC_WEAK = YES;
				CLANG_WARN_BLOCK_CAPTURE_AUTORELEASING = YES;
				CLANG_WARN_BOOL_CONVERSION = YES;
				CLANG_WARN_COMMA = YES;
				CLANG_WARN_CONSTANT_CONVERSION = YES;
				CLANG_WARN_DEPRECATED_OBJC_IMPLEMENTATIONS = YES;
				CLANG_WARN_DIRECT_OBJC_ISA_USAGE = YES_ERROR;
				CLANG_WARN_DOCUMENTATION_COMMENTS = YES;
				CLANG_WARN_EMPTY_BODY = YES;
				CLANG_WARN_ENUM_CONVERSION = YES;
				CLANG_WARN_INFINITE_RECURSION = YES;
				CLANG_WARN_INT_CONVERSION = YES;
				CLANG_WARN_NON_LITERAL_NULL_CONVERSION = YES;
				CLANG_WARN_OBJC_IMPLICIT_RETAIN_SELF = YES;
				CLANG_WARN_OBJC_LITERAL_CONVERSION = YES;
				CLANG_WARN_OBJC_ROOT_CLASS = YES_ERROR;
				CLANG_WARN_QUOTED_INCLUDE_IN_FRAMEWORK_HEADER = YES;
				CLANG_WARN_RANGE_LOOP_ANALYSIS = YES;
				CLANG_WARN_STRICT_PROTOTYPES = YES;
				CLANG_WARN_SUSPICIOUS_MOVE = YES;
				CLANG_WARN_UNGUARDED_AVAILABILITY = YES_AGGRESSIVE;
				CLANG_WARN_UNREACHABLE_CODE = YES;
				CLANG_WARN__DUPLICATE_METHOD_MATCH = YES;
				COPY_PHASE_STRIP = NO;
				DEBUG_INFORMATION_FORMAT = dwarf;
				ENABLE_STRICT_OBJC_MSGSEND = YES;
				ENABLE_TESTABILITY = YES;
				ENABLE_USER_SCRIPT_SANDBOXING = YES;
				GCC_C_LANGUAGE_STANDARD = gnu17;
				GCC_DYNAMIC_NO_PIC = NO;
				GCC_NO_COMMON_BLOCKS = YES;
				GCC_OPTIMIZATION_LEVEL = 0;
				GCC_PREPROCESSOR_DEFINITIONS = (
					"DEBUG=1",
					"$(inherited)",
				);
				GCC_WARN_64_TO_32_BIT_CONVERSION = YES;
				GCC_WARN_ABOUT_RETURN_TYPE = YES_ERROR;
				GCC_WARN_UNDECLARED_SELECTOR = YES;
				GCC_WARN_UNINITIALIZED_AUTOS = YES_AGGRESSIVE;
				GCC_WARN_UNUSED_FUNCTION = YES;
				GCC_WARN_UNUSED_VARIABLE = YES;
				IPHONEOS_DEPLOYMENT_TARGET = 18.2;
				LOCALIZATION_PREFERS_STRING_CATALOGS = YES;
				MTL_ENABLE_DEBUG_INFO = INCLUDE_SOURCE;
				MTL_FAST_MATH = YES;
				ONLY_ACTIVE_ARCH = YES;
				SDKROOT = iphoneos;
				SWIFT_ACTIVE_COMPILATION_CONDITIONS = "DEBUG $(inherited)";
				SWIFT_OPTIMIZATION_LEVEL = "-Onone";
			};
			name = Debug;
		};
		158205432D31EB3800530A3B /* Release */ = {
			isa = XCBuildConfiguration;
			buildSettings = {
				ALWAYS_SEARCH_USER_PATHS = NO;
				ASSETCATALOG_COMPILER_GENERATE_SWIFT_ASSET_SYMBOL_EXTENSIONS = YES;
				CLANG_ANALYZER_NONNULL = YES;
				CLANG_ANALYZER_NUMBER_OBJECT_CONVERSION = YES_AGGRESSIVE;
				CLANG_CXX_LANGUAGE_STANDARD = "gnu++20";
				CLANG_ENABLE_MODULES = YES;
				CLANG_ENABLE_OBJC_ARC = YES;
				CLANG_ENABLE_OBJC_WEAK = YES;
				CLANG_WARN_BLOCK_CAPTURE_AUTORELEASING = YES;
				CLANG_WARN_BOOL_CONVERSION = YES;
				CLANG_WARN_COMMA = YES;
				CLANG_WARN_CONSTANT_CONVERSION = YES;
				CLANG_WARN_DEPRECATED_OBJC_IMPLEMENTATIONS = YES;
				CLANG_WARN_DIRECT_OBJC_ISA_USAGE = YES_ERROR;
				CLANG_WARN_DOCUMENTATION_COMMENTS = YES;
				CLANG_WARN_EMPTY_BODY = YES;
				CLANG_WARN_ENUM_CONVERSION = YES;
				CLANG_WARN_INFINITE_RECURSION = YES;
				CLANG_WARN_INT_CONVERSION = YES;
				CLANG_WARN_NON_LITERAL_NULL_CONVERSION = YES;
				CLANG_WARN_OBJC_IMPLICIT_RETAIN_SELF = YES;
				CLANG_WARN_OBJC_LITERAL_CONVERSION = YES;
				CLANG_WARN_OBJC_ROOT_CLASS = YES_ERROR;
				CLANG_WARN_QUOTED_INCLUDE_IN_FRAMEWORK_HEADER = YES;
				CLANG_WARN_RANGE_LOOP_ANALYSIS = YES;
				CLANG_WARN_STRICT_PROTOTYPES = YES;
				CLANG_WARN_SUSPICIOUS_MOVE = YES;
				CLANG_WARN_UNGUARDED_AVAILABILITY = YES_AGGRESSIVE;
				CLANG_WARN_UNREACHABLE_CODE = YES;
				CLANG_WARN__DUPLICATE_METHOD_MATCH = YES;
				COPY_PHASE_STRIP = NO;
				DEBUG_INFORMATION_FORMAT = "dwarf-with-dsym";
				ENABLE_NS_ASSERTIONS = NO;
				ENABLE_STRICT_OBJC_MSGSEND = YES;
				ENABLE_USER_SCRIPT_SANDBOXING = YES;
				GCC_C_LANGUAGE_STANDARD = gnu17;
				GCC_NO_COMMON_BLOCKS = YES;
				GCC_WARN_64_TO_32_BIT_CONVERSION = YES;
				GCC_WARN_ABOUT_RETURN_TYPE = YES_ERROR;
				GCC_WARN_UNDECLARED_SELECTOR = YES;
				GCC_WARN_UNINITIALIZED_AUTOS = YES_AGGRESSIVE;
				GCC_WARN_UNUSED_FUNCTION = YES;
				GCC_WARN_UNUSED_VARIABLE = YES;
				IPHONEOS_DEPLOYMENT_TARGET = 18.2;
				LOCALIZATION_PREFERS_STRING_CATALOGS = YES;
				MTL_ENABLE_DEBUG_INFO = NO;
				MTL_FAST_MATH = YES;
				SDKROOT = iphoneos;
				SWIFT_COMPILATION_MODE = wholemodule;
				VALIDATE_PRODUCT = YES;
			};
			name = Release;
		};
		158205452D31EB3800530A3B /* Debug */ = {
			isa = XCBuildConfiguration;
			buildSettings = {
				BUNDLE_LOADER = "$(TEST_HOST)";
				CODE_SIGN_STYLE = Automatic;
				CURRENT_PROJECT_VERSION = 1;
				DEVELOPMENT_TEAM = 97JL7V73AW;
				GENERATE_INFOPLIST_FILE = YES;
				IPHONEOS_DEPLOYMENT_TARGET = 18.2;
				MARKETING_VERSION = 1.0;
				PRODUCT_BUNDLE_IDENTIFIER = "com.turbobunny.i-am-richTests";
				PRODUCT_NAME = "$(TARGET_NAME)";
				SWIFT_EMIT_LOC_STRINGS = NO;
				SWIFT_VERSION = 5.0;
				TARGETED_DEVICE_FAMILY = "1,2";
				TEST_HOST = "$(BUILT_PRODUCTS_DIR)/i-am-rich.app/$(BUNDLE_EXECUTABLE_FOLDER_PATH)/i-am-rich";
			};
			name = Debug;
		};
		158205462D31EB3800530A3B /* Release */ = {
			isa = XCBuildConfiguration;
			buildSettings = {
				BUNDLE_LOADER = "$(TEST_HOST)";
				CODE_SIGN_STYLE = Automatic;
				CURRENT_PROJECT_VERSION = 1;
				DEVELOPMENT_TEAM = 97JL7V73AW;
				GENERATE_INFOPLIST_FILE = YES;
				IPHONEOS_DEPLOYMENT_TARGET = 18.2;
				MARKETING_VERSION = 1.0;
				PRODUCT_BUNDLE_IDENTIFIER = "com.turbobunny.i-am-richTests";
				PRODUCT_NAME = "$(TARGET_NAME)";
				SWIFT_EMIT_LOC_STRINGS = NO;
				SWIFT_VERSION = 5.0;
				TARGETED_DEVICE_FAMILY = "1,2";
				TEST_HOST = "$(BUILT_PRODUCTS_DIR)/i-am-rich.app/$(BUNDLE_EXECUTABLE_FOLDER_PATH)/i-am-rich";
			};
			name = Release;
		};
		158205482D31EB3800530A3B /* Debug */ = {
			isa = XCBuildConfiguration;
			buildSettings = {
				CODE_SIGN_STYLE = Automatic;
				CURRENT_PROJECT_VERSION = 1;
				DEVELOPMENT_TEAM = 97JL7V73AW;
				GENERATE_INFOPLIST_FILE = YES;
				MARKETING_VERSION = 1.0;
				PRODUCT_BUNDLE_IDENTIFIER = "com.turbobunny.i-am-richUITests";
				PRODUCT_NAME = "$(TARGET_NAME)";
				SWIFT_EMIT_LOC_STRINGS = NO;
				SWIFT_VERSION = 5.0;
				TARGETED_DEVICE_FAMILY = "1,2";
				TEST_TARGET_NAME = "i-am-rich";
			};
			name = Debug;
		};
		158205492D31EB3800530A3B /* Release */ = {
			isa = XCBuildConfiguration;
			buildSettings = {
				CODE_SIGN_STYLE = Automatic;
				CURRENT_PROJECT_VERSION = 1;
				DEVELOPMENT_TEAM = 97JL7V73AW;
				GENERATE_INFOPLIST_FILE = YES;
				MARKETING_VERSION = 1.0;
				PRODUCT_BUNDLE_IDENTIFIER = "com.turbobunny.i-am-richUITests";
				PRODUCT_NAME = "$(TARGET_NAME)";
				SWIFT_EMIT_LOC_STRINGS = NO;
				SWIFT_VERSION = 5.0;
				TARGETED_DEVICE_FAMILY = "1,2";
				TEST_TARGET_NAME = "i-am-rich";
			};
			name = Release;
		};
/* End XCBuildConfiguration section */

/* Begin XCConfigurationList section */
		158205112D31EB3500530A3B /* Build configuration list for PBXProject "i-am-rich" */ = {
			isa = XCConfigurationList;
			buildConfigurations = (
				158205422D31EB3800530A3B /* Debug */,
				158205432D31EB3800530A3B /* Release */,
			);
			defaultConfigurationIsVisible = 0;
			defaultConfigurationName = Release;
		};
		1582053F2D31EB3800530A3B /* Build configuration list for PBXNativeTarget "i-am-rich" */ = {
			isa = XCConfigurationList;
			buildConfigurations = (
				158205402D31EB3800530A3B /* Debug */,
				158205412D31EB3800530A3B /* Release */,
			);
			defaultConfigurationIsVisible = 0;
			defaultConfigurationName = Release;
		};
		158205442D31EB3800530A3B /* Build configuration list for PBXNativeTarget "i-am-richTests" */ = {
			isa = XCConfigurationList;
			buildConfigurations = (
				158205452D31EB3800530A3B /* Debug */,
				158205462D31EB3800530A3B /* Release */,
			);
			defaultConfigurationIsVisible = 0;
			defaultConfigurationName = Release;
		};
		158205472D31EB3800530A3B /* Build configuration list for PBXNativeTarget "i-am-richUITests" */ = {
			isa = XCConfigurationList;
			buildConfigurations = (
				158205482D31EB3800530A3B /* Debug */,
				158205492D31EB3800530A3B /* Release */,
			);
			defaultConfigurationIsVisible = 0;
			defaultConfigurationName = Release;
		};
/* End XCConfigurationList section */
	};
	rootObject = 1582050E2D31EB3500530A3B /* Project object */;
}
